
Microsoft Visual Studio Solution File, Format Version 12.00
# Visual Studio Version 17
VisualStudioVersion = 17.7.34221.43
MinimumVisualStudioVersion = 10.0.40219.1
Project("{9A19103F-16F7-4668-BE54-9A1E7A4F7556}") = "WebAPI", "BaseProject\WebAPI.csproj", "{33DF2143-444B-4F88-AD79-A986C41CF3CD}"
EndProject
Project("{9A19103F-16F7-4668-BE54-9A1E7A4F7556}") = "Services", "Services\Services.csproj", "{3D8D2BF4-931F-42F7-A623-3D670AAAE009}"
EndProject
Project("{9A19103F-16F7-4668-BE54-9A1E7A4F7556}") = "ViewModels", "VIewModels\ViewModels.csproj", "{04F8731A-A381-46A0-B415-6E95FB6B6193}"
EndProject
Project("{9A19103F-16F7-4668-BE54-9A1E7A4F7556}") = "Repositories", "Repositories\Repositories.csproj", "{5C55EC69-B742-4C1B-961D-FE53B2AEF3C3}"
EndProject
Project("{9A19103F-16F7-4668-BE54-9A1E7A4F7556}") = "Entities", "Entities\Entities.csproj", "{2C6B25ED-5FCC-452F-98AD-7033DC88A776}"
EndProject
Project("{9A19103F-16F7-4668-BE54-9A1E7A4F7556}") = "Middleware", "Middleware\Middleware.csproj", "{04F319C4-140A-4262-90F4-1D52DA411445}"
EndProject
Project("{FAE04EC0-301F-11D3-BF4B-00C04F79EFBC}") = "WebAPIUnitTest", "WebAPIUnitTest\WebAPIUnitTest.csproj", "{91D492EC-4B68-452B-975E-88543A04D9CD}"
EndProject
Global
	GlobalSection(SolutionConfigurationPlatforms) = preSolution
		Debug|Any CPU = Debug|Any CPU
		Release|Any CPU = Release|Any CPU
	EndGlobalSection
	GlobalSection(ProjectConfigurationPlatforms) = postSolution
		{33DF2143-444B-4F88-AD79-A986C41CF3CD}.Debug|Any CPU.ActiveCfg = Debug|Any CPU
		{33DF2143-444B-4F88-AD79-A986C41CF3CD}.Debug|Any CPU.Build.0 = Debug|Any CPU
		{33DF2143-444B-4F88-AD79-A986C41CF3CD}.Release|Any CPU.ActiveCfg = Release|Any CPU
		{33DF2143-444B-4F88-AD79-A986C41CF3CD}.Release|Any CPU.Build.0 = Release|Any CPU
		{3D8D2BF4-931F-42F7-A623-3D670AAAE009}.Debug|Any CPU.ActiveCfg = Debug|Any CPU
		{3D8D2BF4-931F-42F7-A623-3D670AAAE009}.Debug|Any CPU.Build.0 = Debug|Any CPU
		{3D8D2BF4-931F-42F7-A623-3D670AAAE009}.Release|Any CPU.ActiveCfg = Release|Any CPU
		{3D8D2BF4-931F-42F7-A623-3D670AAAE009}.Release|Any CPU.Build.0 = Release|Any CPU
		{04F8731A-A381-46A0-B415-6E95FB6B6193}.Debug|Any CPU.ActiveCfg = Debug|Any CPU
		{04F8731A-A381-46A0-B415-6E95FB6B6193}.Debug|Any CPU.Build.0 = Debug|Any CPU
		{04F8731A-A381-46A0-B415-6E95FB6B6193}.Release|Any CPU.ActiveCfg = Release|Any CPU
		{04F8731A-A381-46A0-B415-6E95FB6B6193}.Release|Any CPU.Build.0 = Release|Any CPU
		{5C55EC69-B742-4C1B-961D-FE53B2AEF3C3}.Debug|Any CPU.ActiveCfg = Debug|Any CPU
		{5C55EC69-B742-4C1B-961D-FE53B2AEF3C3}.Debug|Any CPU.Build.0 = Debug|Any CPU
		{5C55EC69-B742-4C1B-961D-FE53B2AEF3C3}.Release|Any CPU.ActiveCfg = Release|Any CPU
		{5C55EC69-B742-4C1B-961D-FE53B2AEF3C3}.Release|Any CPU.Build.0 = Release|Any CPU
		{2C6B25ED-5FCC-452F-98AD-7033DC88A776}.Debug|Any CPU.ActiveCfg = Debug|Any CPU
		{2C6B25ED-5FCC-452F-98AD-7033DC88A776}.Debug|Any CPU.Build.0 = Debug|Any CPU
		{2C6B25ED-5FCC-452F-98AD-7033DC88A776}.Release|Any CPU.ActiveCfg = Release|Any CPU
		{2C6B25ED-5FCC-452F-98AD-7033DC88A776}.Release|Any CPU.Build.0 = Release|Any CPU
		{04F319C4-140A-4262-90F4-1D52DA411445}.Debug|Any CPU.ActiveCfg = Debug|Any CPU
		{04F319C4-140A-4262-90F4-1D52DA411445}.Debug|Any CPU.Build.0 = Debug|Any CPU
		{04F319C4-140A-4262-90F4-1D52DA411445}.Release|Any CPU.ActiveCfg = Release|Any CPU
		{04F319C4-140A-4262-90F4-1D52DA411445}.Release|Any CPU.Build.0 = Release|Any CPU
		{91D492EC-4B68-452B-975E-88543A04D9CD}.Debug|Any CPU.ActiveCfg = Debug|Any CPU
		{91D492EC-4B68-452B-975E-88543A04D9CD}.Debug|Any CPU.Build.0 = Debug|Any CPU
		{91D492EC-4B68-452B-975E-88543A04D9CD}.Release|Any CPU.ActiveCfg = Release|Any CPU
		{91D492EC-4B68-452B-975E-88543A04D9CD}.Release|Any CPU.Build.0 = Release|Any CPU
	EndGlobalSection
	GlobalSection(SolutionProperties) = preSolution
		HideSolutionNode = FALSE
	EndGlobalSection
	GlobalSection(ExtensibilityGlobals) = postSolution
		SolutionGuid = {90356E2D-CE8A-4467-9C53-9FC0CF8F6D5F}
	EndGlobalSection
EndGlobal
